<?xml version="1.0" encoding="utf-8"?>
<Project ToolsVersion="4.0" xmlns="http://schemas.microsoft.com/developer/msbuild/2003">
  <ItemGroup>
    <Filter Include="OpenGL">
      <UniqueIdentifier>{4FC737F1-C7A5-4376-A066-2A32D752A2FF}</UniqueIdentifier>
      <Extensions>cpp;c;cc;cxx;def;odl;idl;hpj;bat;asm;asmx</Extensions>
    </Filter>
    <Filter Include="System">
      <UniqueIdentifier>{994e0fd9-e3b3-4e66-aee5-697b6c704749}</UniqueIdentifier>
    </Filter>
    <Filter Include="OpenGL\Shaders">
      <UniqueIdentifier>{c242ff0f-a6ce-4706-91a8-e47a26cf9b17}</UniqueIdentifier>
    </Filter>
    <Filter Include="SceneManagement">
      <UniqueIdentifier>{2ff2adc9-dfbd-42b8-b9eb-c11741919c17}</UniqueIdentifier>
    </Filter>
    <Filter Include="SceneManagement\Managers">
      <UniqueIdentifier>{974a2d44-860b-4298-8f96-d5a39de4589c}</UniqueIdentifier>
    </Filter>
    <Filter Include="deps">
      <UniqueIdentifier>{90c51084-98dc-4bf9-89cb-c4eb9384b116}</UniqueIdentifier>
    </Filter>
    <Filter Include="deps\ImGui_backends">
      <UniqueIdentifier>{054287a7-7562-4b7d-b5ce-f26cffed5eab}</UniqueIdentifier>
    </Filter>
    <Filter Include="deps\TinyXml">
      <UniqueIdentifier>{936bcc46-3663-4e29-96d3-35fd7890b62f}</UniqueIdentifier>
    </Filter>
    <Filter Include="deps\stb_image">
      <UniqueIdentifier>{2bb1f091-b17a-4a81-b27f-d57c5c0379b5}</UniqueIdentifier>
    </Filter>
  </ItemGroup>
  <ItemGroup>
    <ClCompile Include="..\src\main.cpp" />
    <ClCompile Include="..\src\App.cpp">
      <Filter>System</Filter>
    </ClCompile>
    <ClCompile Include="..\src\Renderer.cpp">
      <Filter>System</Filter>
    </ClCompile>
    <ClCompile Include="..\src\OpenGLShader.cpp">
      <Filter>OpenGL</Filter>
    </ClCompile>
    <ClCompile Include="..\src\OpenGLTexture.cpp">
      <Filter>OpenGL</Filter>
    </ClCompile>
    <ClCompile Include="..\src\OpenGLMesh.cpp">
      <Filter>OpenGL</Filter>
    </ClCompile>
    <ClCompile Include="..\src\ObjLoader.cpp">
      <Filter>SceneManagement</Filter>
    </ClCompile>
    <ClCompile Include="..\src\Camera.cpp">
      <Filter>SceneManagement</Filter>
    </ClCompile>
    <ClCompile Include="..\src\Object.cpp">
      <Filter>SceneManagement</Filter>
    </ClCompile>
    <ClCompile Include="..\src\RNG.cpp">
      <Filter>System</Filter>
    </ClCompile>
    <ClCompile Include="..\src\CamerasManager.cpp">
      <Filter>SceneManagement\Managers</Filter>
    </ClCompile>
    <ClCompile Include="..\src\MeshesManager.cpp">
      <Filter>SceneManagement\Managers</Filter>
    </ClCompile>
    <ClCompile Include="..\src\ShadersManager.cpp">
      <Filter>SceneManagement\Managers</Filter>
    </ClCompile>
    <ClCompile Include="..\src\MaterialsManager.cpp">
      <Filter>SceneManagement\Managers</Filter>
    </ClCompile>
    <ClCompile Include="..\src\TexturesManager.cpp">
      <Filter>SceneManagement\Managers</Filter>
    </ClCompile>
    <ClCompile Include="..\src\Material.cpp">
      <Filter>SceneManagement</Filter>
    </ClCompile>
    <ClCompile Include="..\src\SceneManager.cpp">
      <Filter>SceneManagement\Managers</Filter>
    </ClCompile>
    <ClCompile Include="..\src\ImGuiRenderer.cpp">
      <Filter>System</Filter>
    </ClCompile>
    <ClCompile Include="..\..\deps\imgui\backends\imgui_impl_opengl3.cpp">
      <Filter>deps\ImGui_backends</Filter>
    </ClCompile>
    <ClCompile Include="..\..\deps\imgui\backends\imgui_impl_sdl3.cpp">
      <Filter>deps\ImGui_backends</Filter>
    </ClCompile>
    <ClCompile Include="..\..\deps\imgui\imgui.cpp">
      <Filter>deps\ImGui_backends</Filter>
    </ClCompile>
    <ClCompile Include="..\..\deps\imgui\imgui_demo.cpp">
      <Filter>deps\ImGui_backends</Filter>
    </ClCompile>
    <ClCompile Include="..\..\deps\imgui\imgui_draw.cpp">
      <Filter>deps\ImGui_backends</Filter>
    </ClCompile>
    <ClCompile Include="..\..\deps\imgui\imgui_tables.cpp">
      <Filter>deps\ImGui_backends</Filter>
    </ClCompile>
    <ClCompile Include="..\..\deps\imgui\imgui_widgets.cpp">
      <Filter>deps\ImGui_backends</Filter>
    </ClCompile>
    <ClCompile Include="..\..\deps\tinyxml\tinyxml2.cpp">
      <Filter>deps\TinyXml</Filter>
    </ClCompile>
  </ItemGroup>
  <ItemGroup>
    <ClInclude Include="..\src\App.h">
      <Filter>System</Filter>
    </ClInclude>
    <ClInclude Include="..\src\Utils.h">
      <Filter>System</Filter>
    </ClInclude>
    <ClInclude Include="..\src\Renderer.h">
      <Filter>System</Filter>
    </ClInclude>
    <ClInclude Include="..\src\OpenGLShader.h">
      <Filter>OpenGL</Filter>
    </ClInclude>
    <ClInclude Include="..\src\OpenGLTexture.h">
      <Filter>OpenGL</Filter>
    </ClInclude>
    <ClInclude Include="..\src\OpenGLMesh.h">
      <Filter>OpenGL</Filter>
    </ClInclude>
    <ClInclude Include="..\src\ObjLoader.h">
      <Filter>SceneManagement</Filter>
    </ClInclude>
    <ClInclude Include="..\src\Camera.h">
      <Filter>SceneManagement</Filter>
    </ClInclude>
    <ClInclude Include="..\src\Transform.h">
      <Filter>OpenGL</Filter>
    </ClInclude>
    <ClInclude Include="..\src\Object.h">
      <Filter>SceneManagement</Filter>
    </ClInclude>
    <ClInclude Include="..\src\RNG.h">
      <Filter>System</Filter>
    </ClInclude>
    <ClInclude Include="..\src\CamerasManager.h">
      <Filter>SceneManagement\Managers</Filter>
    </ClInclude>
    <ClInclude Include="..\src\MeshesManager.h">
      <Filter>SceneManagement\Managers</Filter>
    </ClInclude>
    <ClInclude Include="..\src\ShadersManager.h">
      <Filter>SceneManagement\Managers</Filter>
    </ClInclude>
    <ClInclude Include="..\src\MaterialsManager.h">
      <Filter>SceneManagement\Managers</Filter>
    </ClInclude>
    <ClInclude Include="..\src\TexturesManager.h">
      <Filter>SceneManagement\Managers</Filter>
    </ClInclude>
    <ClInclude Include="..\src\Material.h">
      <Filter>SceneManagement</Filter>
    </ClInclude>
    <ClInclude Include="..\src\SceneManager.h">
      <Filter>SceneManagement\Managers</Filter>
    </ClInclude>
    <ClInclude Include="..\src\ImGuiRenderer.h">
      <Filter>System</Filter>
    </ClInclude>
    <ClInclude Include="..\..\deps\imgui\backends\imgui_impl_opengl3.h">
      <Filter>deps\ImGui_backends</Filter>
    </ClInclude>
    <ClInclude Include="..\..\deps\imgui\backends\imgui_impl_sdl3.h">
      <Filter>deps\ImGui_backends</Filter>
    </ClInclude>
    <ClInclude Include="..\..\deps\imgui\imconfig.h">
      <Filter>deps\ImGui_backends</Filter>
    </ClInclude>
    <ClInclude Include="..\..\deps\imgui\imgui.h">
      <Filter>deps\ImGui_backends</Filter>
    </ClInclude>
    <ClInclude Include="..\..\deps\imgui\imgui_internal.h">
      <Filter>deps\ImGui_backends</Filter>
    </ClInclude>
    <ClInclude Include="..\..\deps\imgui\imstb_rectpack.h">
      <Filter>deps\ImGui_backends</Filter>
    </ClInclude>
    <ClInclude Include="..\..\deps\imgui\imstb_textedit.h">
      <Filter>deps\ImGui_backends</Filter>
    </ClInclude>
    <ClInclude Include="..\..\deps\imgui\imstb_truetype.h">
      <Filter>deps\ImGui_backends</Filter>
    </ClInclude>
    <ClInclude Include="..\..\deps\tinyxml\tinyxml2.h">
      <Filter>deps\TinyXml</Filter>
    </ClInclude>
    <ClInclude Include="..\..\deps\stb_image\include\stb_image.h">
      <Filter>deps\stb_image</Filter>
    </ClInclude>
    <ClInclude Include="..\..\deps\stb_image\include\stb_image_write.h">
      <Filter>deps\stb_image</Filter>
    </ClInclude>
  </ItemGroup>
  <ItemGroup>
    <None Include="..\src\shaders\basicShader.fsh">
      <Filter>OpenGL\Shaders</Filter>
    </None>
    <None Include="..\src\shaders\basicShader.vsh">
      <Filter>OpenGL\Shaders</Filter>
    </None>
  </ItemGroup>
</Project>